
Microsoft Visual Studio Solution File, Format Version 12.00
# Visual Studio Version 16
VisualStudioVersion = 16.0.29411.108
MinimumVisualStudioVersion = 10.0.40219.1
Project("{2150E333-8FDC-42A3-9474-1A3956D46DE8}") = "Datos", "Datos", "{93B8A1C0-F369-4836-87C2-1B6B63AE760B}"
EndProject
Project("{FAE04EC0-301F-11D3-BF4B-00C04F79EFBC}") = "DatosRepositorio", "DatosRepositorio\DatosRepositorio.csproj", "{4AB1B42C-7D1E-4490-B4A0-3D005E1E3020}"
EndProject
Project("{2150E333-8FDC-42A3-9474-1A3956D46DE8}") = "ImportLeagueWebAPI", "ImportLeagueWebAPI", "{C7933181-1AD5-45CE-994E-4834EAEB40FC}"
EndProject
Project("{FAE04EC0-301F-11D3-BF4B-00C04F79EFBC}") = "ImportLeagueWebAPI", "ImportLeagueWeb\ImportLeagueWebAPI.csproj", "{4A77CD1D-DFCF-493E-B9CA-E669FFA224CF}"
EndProject
Project("{FAE04EC0-301F-11D3-BF4B-00C04F79EFBC}") = "DatosEntidades", "DatosEntidades\DatosEntidades.csproj", "{E0EA30DA-4892-4CA1-A20C-4272DFE8156F}"
EndProject
Project("{2150E333-8FDC-42A3-9474-1A3956D46DE8}") = "Mapas", "Mapas", "{E4555271-B88A-44DC-9C84-9F103BCBF65A}"
EndProject
Project("{FAE04EC0-301F-11D3-BF4B-00C04F79EFBC}") = "Mapas", "Mapas\Mapas.csproj", "{5310EAB7-83D5-469F-8A47-C81B34B3B22F}"
EndProject
Project("{2150E333-8FDC-42A3-9474-1A3956D46DE8}") = "Dominio", "Dominio", "{0E4A8407-B139-452D-8220-4FC7BAB1C169}"
EndProject
Project("{FAE04EC0-301F-11D3-BF4B-00C04F79EFBC}") = "ImportLeagueDominio", "ImportLeagueDominio\ImportLeagueDominio.csproj", "{82CB04E9-6CE5-4EB2-936B-918CA7ADB538}"
EndProject
Project("{FAE04EC0-301F-11D3-BF4B-00C04F79EFBC}") = "DatosAcceso", "DatosAcceso\DatosAcceso.csproj", "{1799F0E9-C5D7-4CB3-BEE7-0C75D6E80B7B}"
EndProject
Project("{2150E333-8FDC-42A3-9474-1A3956D46DE8}") = "DirectInjection", "DirectInjection", "{E366E34A-4F0E-42E2-A28C-F7F6BAF88CF3}"
EndProject
Project("{FAE04EC0-301F-11D3-BF4B-00C04F79EFBC}") = "DirectInjection", "DirectInjection\DirectInjection.csproj", "{45F071B8-1C58-446A-8680-AC88EE913693}"
EndProject
Project("{2150E333-8FDC-42A3-9474-1A3956D46DE8}") = "DTOEntidades", "DTOEntidades", "{1D4DA8E8-9C6D-4017-BF63-F69FA8C82AC9}"
EndProject
Project("{FAE04EC0-301F-11D3-BF4B-00C04F79EFBC}") = "DTOEntidades", "DTOEntidades\DTOEntidades.csproj", "{FC1A77CF-40D4-461F-A003-AC342252C7FA}"
EndProject
Global
	GlobalSection(SolutionConfigurationPlatforms) = preSolution
		Debug|Any CPU = Debug|Any CPU
		Release|Any CPU = Release|Any CPU
	EndGlobalSection
	GlobalSection(ProjectConfigurationPlatforms) = postSolution
		{4AB1B42C-7D1E-4490-B4A0-3D005E1E3020}.Debug|Any CPU.ActiveCfg = Debug|Any CPU
		{4AB1B42C-7D1E-4490-B4A0-3D005E1E3020}.Debug|Any CPU.Build.0 = Debug|Any CPU
		{4AB1B42C-7D1E-4490-B4A0-3D005E1E3020}.Release|Any CPU.ActiveCfg = Release|Any CPU
		{4AB1B42C-7D1E-4490-B4A0-3D005E1E3020}.Release|Any CPU.Build.0 = Release|Any CPU
		{4A77CD1D-DFCF-493E-B9CA-E669FFA224CF}.Debug|Any CPU.ActiveCfg = Debug|Any CPU
		{4A77CD1D-DFCF-493E-B9CA-E669FFA224CF}.Debug|Any CPU.Build.0 = Debug|Any CPU
		{4A77CD1D-DFCF-493E-B9CA-E669FFA224CF}.Release|Any CPU.ActiveCfg = Release|Any CPU
		{4A77CD1D-DFCF-493E-B9CA-E669FFA224CF}.Release|Any CPU.Build.0 = Release|Any CPU
		{E0EA30DA-4892-4CA1-A20C-4272DFE8156F}.Debug|Any CPU.ActiveCfg = Debug|Any CPU
		{E0EA30DA-4892-4CA1-A20C-4272DFE8156F}.Debug|Any CPU.Build.0 = Debug|Any CPU
		{E0EA30DA-4892-4CA1-A20C-4272DFE8156F}.Release|Any CPU.ActiveCfg = Release|Any CPU
		{E0EA30DA-4892-4CA1-A20C-4272DFE8156F}.Release|Any CPU.Build.0 = Release|Any CPU
		{5310EAB7-83D5-469F-8A47-C81B34B3B22F}.Debug|Any CPU.ActiveCfg = Debug|Any CPU
		{5310EAB7-83D5-469F-8A47-C81B34B3B22F}.Debug|Any CPU.Build.0 = Debug|Any CPU
		{5310EAB7-83D5-469F-8A47-C81B34B3B22F}.Release|Any CPU.ActiveCfg = Release|Any CPU
		{5310EAB7-83D5-469F-8A47-C81B34B3B22F}.Release|Any CPU.Build.0 = Release|Any CPU
		{82CB04E9-6CE5-4EB2-936B-918CA7ADB538}.Debug|Any CPU.ActiveCfg = Debug|Any CPU
		{82CB04E9-6CE5-4EB2-936B-918CA7ADB538}.Debug|Any CPU.Build.0 = Debug|Any CPU
		{82CB04E9-6CE5-4EB2-936B-918CA7ADB538}.Release|Any CPU.ActiveCfg = Release|Any CPU
		{82CB04E9-6CE5-4EB2-936B-918CA7ADB538}.Release|Any CPU.Build.0 = Release|Any CPU
		{1799F0E9-C5D7-4CB3-BEE7-0C75D6E80B7B}.Debug|Any CPU.ActiveCfg = Debug|Any CPU
		{1799F0E9-C5D7-4CB3-BEE7-0C75D6E80B7B}.Debug|Any CPU.Build.0 = Debug|Any CPU
		{1799F0E9-C5D7-4CB3-BEE7-0C75D6E80B7B}.Release|Any CPU.ActiveCfg = Release|Any CPU
		{1799F0E9-C5D7-4CB3-BEE7-0C75D6E80B7B}.Release|Any CPU.Build.0 = Release|Any CPU
		{45F071B8-1C58-446A-8680-AC88EE913693}.Debug|Any CPU.ActiveCfg = Debug|Any CPU
		{45F071B8-1C58-446A-8680-AC88EE913693}.Debug|Any CPU.Build.0 = Debug|Any CPU
		{45F071B8-1C58-446A-8680-AC88EE913693}.Release|Any CPU.ActiveCfg = Release|Any CPU
		{45F071B8-1C58-446A-8680-AC88EE913693}.Release|Any CPU.Build.0 = Release|Any CPU
		{FC1A77CF-40D4-461F-A003-AC342252C7FA}.Debug|Any CPU.ActiveCfg = Debug|Any CPU
		{FC1A77CF-40D4-461F-A003-AC342252C7FA}.Debug|Any CPU.Build.0 = Debug|Any CPU
		{FC1A77CF-40D4-461F-A003-AC342252C7FA}.Release|Any CPU.ActiveCfg = Release|Any CPU
		{FC1A77CF-40D4-461F-A003-AC342252C7FA}.Release|Any CPU.Build.0 = Release|Any CPU
	EndGlobalSection
	GlobalSection(SolutionProperties) = preSolution
		HideSolutionNode = FALSE
	EndGlobalSection
	GlobalSection(NestedProjects) = preSolution
		{4AB1B42C-7D1E-4490-B4A0-3D005E1E3020} = {93B8A1C0-F369-4836-87C2-1B6B63AE760B}
		{4A77CD1D-DFCF-493E-B9CA-E669FFA224CF} = {C7933181-1AD5-45CE-994E-4834EAEB40FC}
		{E0EA30DA-4892-4CA1-A20C-4272DFE8156F} = {93B8A1C0-F369-4836-87C2-1B6B63AE760B}
		{5310EAB7-83D5-469F-8A47-C81B34B3B22F} = {E4555271-B88A-44DC-9C84-9F103BCBF65A}
		{82CB04E9-6CE5-4EB2-936B-918CA7ADB538} = {0E4A8407-B139-452D-8220-4FC7BAB1C169}
		{1799F0E9-C5D7-4CB3-BEE7-0C75D6E80B7B} = {93B8A1C0-F369-4836-87C2-1B6B63AE760B}
		{45F071B8-1C58-446A-8680-AC88EE913693} = {E366E34A-4F0E-42E2-A28C-F7F6BAF88CF3}
		{FC1A77CF-40D4-461F-A003-AC342252C7FA} = {1D4DA8E8-9C6D-4017-BF63-F69FA8C82AC9}
	EndGlobalSection
	GlobalSection(ExtensibilityGlobals) = postSolution
		SolutionGuid = {9C938C2C-C2E9-4965-B0F8-B460E163EAE4}
	EndGlobalSection
EndGlobal
